
Microsoft Visual Studio Solution File, Format Version 12.00
# Visual Studio Version 16
VisualStudioVersion = 16.0.30907.101
MinimumVisualStudioVersion = 10.0.40219.1
Project("{8BC9CEB8-8B4A-11D0-8D11-00A0C91BC942}") = "CS202_HW02", "CS202_HW02.vcxproj", "{E04F3A44-FC3C-420A-90EB-330EB9F5E780}"
EndProject
Project("{8BC9CEB8-8B4A-11D0-8D11-00A0C91BC942}") = "MemoryLayout", "MemoryLayout\MemoryLayout.vcxproj", "{14098AEE-B709-4D9D-B7E9-FD98FF9AE08D}"
EndProject
Project("{8BC9CEB8-8B4A-11D0-8D11-00A0C91BC942}") = "SpelunkingInC++", "SpelunkingInC++\SpelunkingInC++.vcxproj", "{58F7C687-68BC-4105-9821-B46889B37FFA}"
EndProject
Global
	GlobalSection(SolutionConfigurationPlatforms) = preSolution
		Debug|x64 = Debug|x64
		Debug|x86 = Debug|x86
		Release|x64 = Release|x64
		Release|x86 = Release|x86
	EndGlobalSection
	GlobalSection(ProjectConfigurationPlatforms) = postSolution
		{E04F3A44-FC3C-420A-90EB-330EB9F5E780}.Debug|x64.ActiveCfg = Debug|x64
		{E04F3A44-FC3C-420A-90EB-330EB9F5E780}.Debug|x64.Build.0 = Debug|x64
		{E04F3A44-FC3C-420A-90EB-330EB9F5E780}.Debug|x86.ActiveCfg = Debug|Win32
		{E04F3A44-FC3C-420A-90EB-330EB9F5E780}.Debug|x86.Build.0 = Debug|Win32
		{E04F3A44-FC3C-420A-90EB-330EB9F5E780}.Release|x64.ActiveCfg = Release|x64
		{E04F3A44-FC3C-420A-90EB-330EB9F5E780}.Release|x64.Build.0 = Release|x64
		{E04F3A44-FC3C-420A-90EB-330EB9F5E780}.Release|x86.ActiveCfg = Release|Win32
		{E04F3A44-FC3C-420A-90EB-330EB9F5E780}.Release|x86.Build.0 = Release|Win32
		{14098AEE-B709-4D9D-B7E9-FD98FF9AE08D}.Debug|x64.ActiveCfg = Debug|x64
		{14098AEE-B709-4D9D-B7E9-FD98FF9AE08D}.Debug|x64.Build.0 = Debug|x64
		{14098AEE-B709-4D9D-B7E9-FD98FF9AE08D}.Debug|x86.ActiveCfg = Debug|Win32
		{14098AEE-B709-4D9D-B7E9-FD98FF9AE08D}.Debug|x86.Build.0 = Debug|Win32
		{14098AEE-B709-4D9D-B7E9-FD98FF9AE08D}.Release|x64.ActiveCfg = Release|x64
		{14098AEE-B709-4D9D-B7E9-FD98FF9AE08D}.Release|x64.Build.0 = Release|x64
		{14098AEE-B709-4D9D-B7E9-FD98FF9AE08D}.Release|x86.ActiveCfg = Release|Win32
		{14098AEE-B709-4D9D-B7E9-FD98FF9AE08D}.Release|x86.Build.0 = Release|Win32
		{58F7C687-68BC-4105-9821-B46889B37FFA}.Debug|x64.ActiveCfg = Debug|x64
		{58F7C687-68BC-4105-9821-B46889B37FFA}.Debug|x64.Build.0 = Debug|x64
		{58F7C687-68BC-4105-9821-B46889B37FFA}.Debug|x86.ActiveCfg = Debug|Win32
		{58F7C687-68BC-4105-9821-B46889B37FFA}.Debug|x86.Build.0 = Debug|Win32
		{58F7C687-68BC-4105-9821-B46889B37FFA}.Release|x64.ActiveCfg = Release|x64
		{58F7C687-68BC-4105-9821-B46889B37FFA}.Release|x64.Build.0 = Release|x64
		{58F7C687-68BC-4105-9821-B46889B37FFA}.Release|x86.ActiveCfg = Release|Win32
		{58F7C687-68BC-4105-9821-B46889B37FFA}.Release|x86.Build.0 = Release|Win32
	EndGlobalSection
	GlobalSection(SolutionProperties) = preSolution
		HideSolutionNode = FALSE
	EndGlobalSection
	GlobalSection(ExtensibilityGlobals) = postSolution
		SolutionGuid = {1EA9E6A3-AD46-493B-AE75-4BBC3A91D421}
	EndGlobalSection
EndGlobal
